{
  "name": "pmodel",
  "version": "0.0.1",
  "lockfileVersion": 1,
  "requires": true,
  "dependencies": {
    "simple-text-parser": {
      "version": "2.1.1",
      "resolved": "https://registry.npmjs.org/simple-text-parser/-/simple-text-parser-2.1.1.tgz",
      "integrity": "sha512-vxq8P4gPpoDR2oz9iFjLS3e/XZPuN+thOiJvbDXQWoBS3DXOYcfTJpmGO0pJke1YjeQeibBvQZ2nAr0gUEI3AQ=="
    }
  }
}
